
Microsoft Visual Studio Solution File, Format Version 12.00
# Visual Studio Version 16
VisualStudioVersion = 16.0.29009.5
MinimumVisualStudioVersion = 10.0.40219.1
Project("{FAE04EC0-301F-11D3-BF4B-00C04F79EFBC}") = "TaskOrdersApplication", "TaskOrdersApplication\TaskOrdersApplication.csproj", "{8DEBF2EB-BFC0-4118-8F08-7C3CA58EE34D}"
EndProject
Global
	GlobalSection(SolutionConfigurationPlatforms) = preSolution
		Debug|Any CPU = Debug|Any CPU
		Release|Any CPU = Release|Any CPU
	EndGlobalSection
	GlobalSection(ProjectConfigurationPlatforms) = postSolution
		{8DEBF2EB-BFC0-4118-8F08-7C3CA58EE34D}.Debug|Any CPU.ActiveCfg = Debug|Any CPU
		{8DEBF2EB-BFC0-4118-8F08-7C3CA58EE34D}.Debug|Any CPU.Build.0 = Debug|Any CPU
		{8DEBF2EB-BFC0-4118-8F08-7C3CA58EE34D}.Release|Any CPU.ActiveCfg = Release|Any CPU
		{8DEBF2EB-BFC0-4118-8F08-7C3CA58EE34D}.Release|Any CPU.Build.0 = Release|Any CPU
	EndGlobalSection
	GlobalSection(SolutionProperties) = preSolution
		HideSolutionNode = FALSE
	EndGlobalSection
	GlobalSection(ExtensibilityGlobals) = postSolution
		SolutionGuid = {FE865CD6-C6FC-4439-AEB1-47577AA4031C}
	EndGlobalSection
EndGlobal
